
Microsoft Visual Studio Solution File, Format Version 12.00
# Visual Studio 15
VisualStudioVersion = 15.0.28307.1401
MinimumVisualStudioVersion = 10.0.40219.1
Project("{FAE04EC0-301F-11D3-BF4B-00C04F79EFBC}") = "1052-S1", "1052-S1\1052-S1.csproj", "{5FAC4EE4-831F-4FD4-AD80-601D89DFDBEA}"
EndProject
Global
	GlobalSection(SolutionConfigurationPlatforms) = preSolution
		Debug|Any CPU = Debug|Any CPU
		Release|Any CPU = Release|Any CPU
	EndGlobalSection
	GlobalSection(ProjectConfigurationPlatforms) = postSolution
		{5FAC4EE4-831F-4FD4-AD80-601D89DFDBEA}.Debug|Any CPU.ActiveCfg = Debug|Any CPU
		{5FAC4EE4-831F-4FD4-AD80-601D89DFDBEA}.Debug|Any CPU.Build.0 = Debug|Any CPU
		{5FAC4EE4-831F-4FD4-AD80-601D89DFDBEA}.Release|Any CPU.ActiveCfg = Release|Any CPU
		{5FAC4EE4-831F-4FD4-AD80-601D89DFDBEA}.Release|Any CPU.Build.0 = Release|Any CPU
	EndGlobalSection
	GlobalSection(SolutionProperties) = preSolution
		HideSolutionNode = FALSE
	EndGlobalSection
	GlobalSection(ExtensibilityGlobals) = postSolution
		SolutionGuid = {EC14CDF1-CA0E-45C5-9DA8-4263C54F2CE1}
	EndGlobalSection
EndGlobal
