
Microsoft Visual Studio Solution File, Format Version 12.00
# Visual Studio 15
VisualStudioVersion = 15.0.28307.1401
MinimumVisualStudioVersion = 10.0.40219.1
Project("{FAE04EC0-301F-11D3-BF4B-00C04F79EFBC}") = "1047-S1", "Seminar1\1047-S1.csproj", "{782AF20E-36EE-4443-944D-7A052F51DB2A}"
EndProject
Global
	GlobalSection(SolutionConfigurationPlatforms) = preSolution
		Debug|Any CPU = Debug|Any CPU
		Release|Any CPU = Release|Any CPU
	EndGlobalSection
	GlobalSection(ProjectConfigurationPlatforms) = postSolution
		{782AF20E-36EE-4443-944D-7A052F51DB2A}.Debug|Any CPU.ActiveCfg = Debug|Any CPU
		{782AF20E-36EE-4443-944D-7A052F51DB2A}.Debug|Any CPU.Build.0 = Debug|Any CPU
		{782AF20E-36EE-4443-944D-7A052F51DB2A}.Release|Any CPU.ActiveCfg = Release|Any CPU
		{782AF20E-36EE-4443-944D-7A052F51DB2A}.Release|Any CPU.Build.0 = Release|Any CPU
	EndGlobalSection
	GlobalSection(SolutionProperties) = preSolution
		HideSolutionNode = FALSE
	EndGlobalSection
	GlobalSection(ExtensibilityGlobals) = postSolution
		SolutionGuid = {A01010F1-7713-4913-90A6-35E3AEF8070D}
	EndGlobalSection
EndGlobal
